{
    "_readme": [
        "This file locks the dependencies of your project to a known state",
        "Read more about it at https://getcomposer.org/doc/01-basic-usage.md#installing-dependencies",
        "This file is @generated automatically"
    ],
    "content-hash": "917a3f70b852c40c8a7795ed9fa081ce",
    "packages": [
        {
            "name": "fgribreau/mailchecker",
            "version": "v6.0.13",
            "source": {
                "type": "git",
                "url": "https://github.com/FGRibreau/mailchecker.git",
                "reference": "0ba4ccb08f4c029bd5c89e327951bc0645378438"
            },
            "dist": {
                "type": "zip",
                "url": "https://api.github.com/repos/FGRibreau/mailchecker/zipball/0ba4ccb08f4c029bd5c89e327951bc0645378438",
                "reference": "0ba4ccb08f4c029bd5c89e327951bc0645378438",
                "shasum": ""
            },
            "require": {
                "php": ">=7.3"
            },
            "require-dev": {
                "phpunit/phpunit": "^10"
            },
            "type": "library",
            "autoload": {
                "psr-4": {
                    "Fgribreau\\": "platform/php"
                }
            },
            "notification-url": "https://packagist.org/downloads/",
            "license": [
                "MIT"
            ],
            "description": "Temporary (disposable/throwaway) email detection library. Covers 1987 fake email providers.",
            "keywords": [
                "detection",
                "disposable",
                "email",
                "fake"
            ],
            "support": {
                "issues": "https://github.com/FGRibreau/mailchecker/issues",
                "source": "https://github.com/FGRibreau/mailchecker/tree/v6.0.13"
            },
            "funding": [
                {
                    "url": "https://github.com/fgribreau",
                    "type": "github"
                }
            ],
            "time": "2024-11-27T12:09:17+00:00"
        },
        {
            "name": "league/plates",
            "version": "v3.6.0",
            "source": {
                "type": "git",
                "url": "https://github.com/thephpleague/plates.git",
                "reference": "12ee65166adbc6fb5916fb80b0c0758e49a2d996"
            },
            "dist": {
                "type": "zip",
                "url": "https://api.github.com/repos/thephpleague/plates/zipball/12ee65166adbc6fb5916fb80b0c0758e49a2d996",
                "reference": "12ee65166adbc6fb5916fb80b0c0758e49a2d996",
                "shasum": ""
            },
            "require": {
                "php": "^8.0"
            },
            "require-dev": {
                "mikey179/vfsstream": "^1.6",
                "phpunit/phpunit": "^11.4",
                "squizlabs/php_codesniffer": "^3.5"
            },
            "type": "library",
            "extra": {
                "branch-alias": {
                    "dev-master": "3.0-dev"
                }
            },
            "autoload": {
                "psr-4": {
                    "League\\Plates\\": "src"
                }
            },
            "notification-url": "https://packagist.org/downloads/",
            "license": [
                "MIT"
            ],
            "authors": [
                {
                    "name": "Jonathan Reinink",
                    "email": "jonathan@reinink.ca",
                    "role": "Developer"
                },
                {
                    "name": "RJ Garcia",
                    "email": "ragboyjr@icloud.com",
                    "role": "Developer"
                }
            ],
            "description": "Plates, the native PHP template system that's fast, easy to use and easy to extend.",
            "homepage": "https://platesphp.com",
            "keywords": [
                "league",
                "package",
                "templates",
                "templating",
                "views"
            ],
            "support": {
                "issues": "https://github.com/thephpleague/plates/issues",
                "source": "https://github.com/thephpleague/plates/tree/v3.6.0"
            },
            "time": "2024-11-02T15:03:35+00:00"
        },
        {
            "name": "mautic/api-library",
            "version": "3.1.0",
            "source": {
                "type": "git",
                "url": "https://github.com/mautic/api-library.git",
                "reference": "5b0d9051a3a42eea132fa6da35b712e947804d2c"
            },
            "dist": {
                "type": "zip",
                "url": "https://api.github.com/repos/mautic/api-library/zipball/5b0d9051a3a42eea132fa6da35b712e947804d2c",
                "reference": "5b0d9051a3a42eea132fa6da35b712e947804d2c",
                "shasum": ""
            },
            "require": {
                "ext-curl": "*",
                "ext-json": "*",
                "php": ">=7.2.0",
                "psr/log": "~1.0 || ~2.0 || ~3.0"
            },
            "require-dev": {
                "brianium/paratest": "^6.2",
                "friendsofphp/php-cs-fixer": "~2.16.1",
                "kint-php/kint": "^4.1",
                "phpunit/phpunit": "~9.5.0"
            },
            "type": "library",
            "autoload": {
                "psr-4": {
                    "Mautic\\": "lib/"
                }
            },
            "notification-url": "https://packagist.org/downloads/",
            "license": [
                "MIT"
            ],
            "description": "Mautic API Connector Library",
            "support": {
                "issues": "https://github.com/mautic/api-library/issues",
                "source": "https://github.com/mautic/api-library/tree/3.1.0"
            },
            "time": "2022-05-04T13:59:18+00:00"
        },
        {
            "name": "mustache/mustache",
            "version": "v2.14.2",
            "source": {
                "type": "git",
                "url": "https://github.com/bobthecow/mustache.php.git",
                "reference": "e62b7c3849d22ec55f3ec425507bf7968193a6cb"
            },
            "dist": {
                "type": "zip",
                "url": "https://api.github.com/repos/bobthecow/mustache.php/zipball/e62b7c3849d22ec55f3ec425507bf7968193a6cb",
                "reference": "e62b7c3849d22ec55f3ec425507bf7968193a6cb",
                "shasum": ""
            },
            "require": {
                "php": ">=5.2.4"
            },
            "require-dev": {
                "friendsofphp/php-cs-fixer": "~1.11",
                "phpunit/phpunit": "~3.7|~4.0|~5.0"
            },
            "type": "library",
            "autoload": {
                "psr-0": {
                    "Mustache": "src/"
                }
            },
            "notification-url": "https://packagist.org/downloads/",
            "license": [
                "MIT"
            ],
            "authors": [
                {
                    "name": "Justin Hileman",
                    "email": "justin@justinhileman.info",
                    "homepage": "http://justinhileman.com"
                }
            ],
            "description": "A Mustache implementation in PHP.",
            "homepage": "https://github.com/bobthecow/mustache.php",
            "keywords": [
                "mustache",
                "templating"
            ],
            "support": {
                "issues": "https://github.com/bobthecow/mustache.php/issues",
                "source": "https://github.com/bobthecow/mustache.php/tree/v2.14.2"
            },
            "time": "2022-08-23T13:07:01+00:00"
        },
        {
            "name": "psr/log",
            "version": "3.0.2",
            "source": {
                "type": "git",
                "url": "https://github.com/php-fig/log.git",
                "reference": "f16e1d5863e37f8d8c2a01719f5b34baa2b714d3"
            },
            "dist": {
                "type": "zip",
                "url": "https://api.github.com/repos/php-fig/log/zipball/f16e1d5863e37f8d8c2a01719f5b34baa2b714d3",
                "reference": "f16e1d5863e37f8d8c2a01719f5b34baa2b714d3",
                "shasum": ""
            },
            "require": {
                "php": ">=8.0.0"
            },
            "type": "library",
            "extra": {
                "branch-alias": {
                    "dev-master": "3.x-dev"
                }
            },
            "autoload": {
                "psr-4": {
                    "Psr\\Log\\": "src"
                }
            },
            "notification-url": "https://packagist.org/downloads/",
            "license": [
                "MIT"
            ],
            "authors": [
                {
                    "name": "PHP-FIG",
                    "homepage": "https://www.php-fig.org/"
                }
            ],
            "description": "Common interface for logging libraries",
            "homepage": "https://github.com/php-fig/log",
            "keywords": [
                "log",
                "psr",
                "psr-3"
            ],
            "support": {
                "source": "https://github.com/php-fig/log/tree/3.0.2"
            },
            "time": "2024-09-11T13:17:53+00:00"
        }
    ],
    "packages-dev": [
        {
            "name": "mmucklo/krumo",
            "version": "v0.7.3",
            "source": {
                "type": "git",
                "url": "https://github.com/mmucklo/krumo.git",
                "reference": "648da9a90e66ee67b196614cb51589126b5407a8"
            },
            "dist": {
                "type": "zip",
                "url": "https://api.github.com/repos/mmucklo/krumo/zipball/648da9a90e66ee67b196614cb51589126b5407a8",
                "reference": "648da9a90e66ee67b196614cb51589126b5407a8",
                "shasum": ""
            },
            "require": {
                "php": ">=7.0"
            },
            "require-dev": {
                "fabpot/php-cs-fixer": "dev-master",
                "phpmd/phpmd": "dev-master"
            },
            "type": "library",
            "autoload": {
                "files": [
                    "class.krumo.php"
                ]
            },
            "notification-url": "https://packagist.org/downloads/",
            "license": [
                "LGPL"
            ],
            "authors": [
                {
                    "name": "Kaloyan K. Tsvetkov",
                    "email": "kaloyan@kaloyan.info"
                },
                {
                    "name": "Matthew J. Mucklo",
                    "email": "mmucklo@gmail.com"
                },
                {
                    "name": "Stefan Thomas",
                    "email": "moon@justmoon.de"
                },
                {
                    "name": "Scott Baker",
                    "email": "scott@perturb.org"
                }
            ],
            "description": "KRUMO - version 2.0 of print_r(); and var_dump(); (with new updates)",
            "keywords": [
                "debug",
                "debugging",
                "krumo",
                "pretty",
                "print",
                "print_r",
                "var_dump"
            ],
            "support": {
                "issues": "https://github.com/mmucklo/krumo/issues",
                "source": "https://github.com/mmucklo/krumo/tree/v0.7.3"
            },
            "time": "2024-11-25T04:57:44+00:00"
        },
        {
            "name": "php-stubs/wordpress-stubs",
            "version": "v6.7.1",
            "source": {
                "type": "git",
                "url": "https://github.com/php-stubs/wordpress-stubs.git",
                "reference": "83448e918bf06d1ed3d67ceb6a985fc266a02fd1"
            },
            "dist": {
                "type": "zip",
                "url": "https://api.github.com/repos/php-stubs/wordpress-stubs/zipball/83448e918bf06d1ed3d67ceb6a985fc266a02fd1",
                "reference": "83448e918bf06d1ed3d67ceb6a985fc266a02fd1",
                "shasum": ""
            },
            "require-dev": {
                "dealerdirect/phpcodesniffer-composer-installer": "^1.0",
                "nikic/php-parser": "^4.13",
                "php": "^7.4 || ^8.0",
                "php-stubs/generator": "^0.8.3",
                "phpdocumentor/reflection-docblock": "^5.4.1",
                "phpstan/phpstan": "^1.11",
                "phpunit/phpunit": "^9.5",
                "szepeviktor/phpcs-psr-12-neutron-hybrid-ruleset": "^1.1.1",
                "wp-coding-standards/wpcs": "3.1.0 as 2.3.0"
            },
            "suggest": {
                "paragonie/sodium_compat": "Pure PHP implementation of libsodium",
                "symfony/polyfill-php80": "Symfony polyfill backporting some PHP 8.0+ features to lower PHP versions",
                "szepeviktor/phpstan-wordpress": "WordPress extensions for PHPStan"
            },
            "type": "library",
            "notification-url": "https://packagist.org/downloads/",
            "license": [
                "MIT"
            ],
            "description": "WordPress function and class declaration stubs for static analysis.",
            "homepage": "https://github.com/php-stubs/wordpress-stubs",
            "keywords": [
                "PHPStan",
                "static analysis",
                "wordpress"
            ],
            "support": {
                "issues": "https://github.com/php-stubs/wordpress-stubs/issues",
                "source": "https://github.com/php-stubs/wordpress-stubs/tree/v6.7.1"
            },
            "time": "2024-11-24T03:57:09+00:00"
        }
    ],
    "aliases": [],
    "minimum-stability": "stable",
    "stability-flags": [],
    "prefer-stable": false,
    "prefer-lowest": false,
    "platform": {
        "php": "^8.1",
        "ext-curl": "*",
        "ext-json": "*"
    },
    "platform-dev": [],
    "plugin-api-version": "2.3.0"
}
